
Microsoft Visual Studio Solution File, Format Version 12.00
# Visual Studio 15
VisualStudioVersion = 15.0.28307.705
MinimumVisualStudioVersion = 10.0.40219.1
Project("{FAE04EC0-301F-11D3-BF4B-00C04F79EFBC}") = "ValidateCopiedFileLength", "ValidateCopiedFileLength.csproj", "{39B55636-00F7-434B-9133-A979E25BBAA6}"
EndProject
Project("{FAE04EC0-301F-11D3-BF4B-00C04F79EFBC}") = "FetchBlobFileInfo", "..\FetchBlobFileInfo\FetchBlobFileInfo.csproj", "{23AF6DFC-4929-4906-8169-F7CB902A5899}"
EndProject
Project("{FAE04EC0-301F-11D3-BF4B-00C04F79EFBC}") = "FetchS3FileInfo", "..\FetchS3FileInfo\FetchS3FileInfo.csproj", "{DF1D17DD-3510-4CCA-9452-60D57DA5227C}"
EndProject
Global
	GlobalSection(SolutionConfigurationPlatforms) = preSolution
		Debug|Any CPU = Debug|Any CPU
		Debug|x64 = Debug|x64
		Release|Any CPU = Release|Any CPU
		Release|x64 = Release|x64
	EndGlobalSection
	GlobalSection(ProjectConfigurationPlatforms) = postSolution
		{39B55636-00F7-434B-9133-A979E25BBAA6}.Debug|Any CPU.ActiveCfg = Debug|Any CPU
		{39B55636-00F7-434B-9133-A979E25BBAA6}.Debug|Any CPU.Build.0 = Debug|Any CPU
		{39B55636-00F7-434B-9133-A979E25BBAA6}.Debug|x64.ActiveCfg = Debug|x64
		{39B55636-00F7-434B-9133-A979E25BBAA6}.Debug|x64.Build.0 = Debug|x64
		{39B55636-00F7-434B-9133-A979E25BBAA6}.Release|Any CPU.ActiveCfg = Release|Any CPU
		{39B55636-00F7-434B-9133-A979E25BBAA6}.Release|Any CPU.Build.0 = Release|Any CPU
		{39B55636-00F7-434B-9133-A979E25BBAA6}.Release|x64.ActiveCfg = Release|x64
		{39B55636-00F7-434B-9133-A979E25BBAA6}.Release|x64.Build.0 = Release|x64
		{23AF6DFC-4929-4906-8169-F7CB902A5899}.Debug|Any CPU.ActiveCfg = Debug|Any CPU
		{23AF6DFC-4929-4906-8169-F7CB902A5899}.Debug|Any CPU.Build.0 = Debug|Any CPU
		{23AF6DFC-4929-4906-8169-F7CB902A5899}.Debug|x64.ActiveCfg = Debug|x64
		{23AF6DFC-4929-4906-8169-F7CB902A5899}.Debug|x64.Build.0 = Debug|x64
		{23AF6DFC-4929-4906-8169-F7CB902A5899}.Release|Any CPU.ActiveCfg = Release|Any CPU
		{23AF6DFC-4929-4906-8169-F7CB902A5899}.Release|Any CPU.Build.0 = Release|Any CPU
		{23AF6DFC-4929-4906-8169-F7CB902A5899}.Release|x64.ActiveCfg = Release|x64
		{23AF6DFC-4929-4906-8169-F7CB902A5899}.Release|x64.Build.0 = Release|x64
		{DF1D17DD-3510-4CCA-9452-60D57DA5227C}.Debug|Any CPU.ActiveCfg = Debug|Any CPU
		{DF1D17DD-3510-4CCA-9452-60D57DA5227C}.Debug|Any CPU.Build.0 = Debug|Any CPU
		{DF1D17DD-3510-4CCA-9452-60D57DA5227C}.Debug|x64.ActiveCfg = Debug|x64
		{DF1D17DD-3510-4CCA-9452-60D57DA5227C}.Debug|x64.Build.0 = Debug|x64
		{DF1D17DD-3510-4CCA-9452-60D57DA5227C}.Release|Any CPU.ActiveCfg = Release|Any CPU
		{DF1D17DD-3510-4CCA-9452-60D57DA5227C}.Release|Any CPU.Build.0 = Release|Any CPU
		{DF1D17DD-3510-4CCA-9452-60D57DA5227C}.Release|x64.ActiveCfg = Release|x64
		{DF1D17DD-3510-4CCA-9452-60D57DA5227C}.Release|x64.Build.0 = Release|x64
	EndGlobalSection
	GlobalSection(SolutionProperties) = preSolution
		HideSolutionNode = FALSE
	EndGlobalSection
	GlobalSection(ExtensibilityGlobals) = postSolution
		SolutionGuid = {E4103CDF-9CCE-4763-96D5-F7AD85FF9A19}
	EndGlobalSection
EndGlobal
